
Microsoft Visual Studio Solution File, Format Version 12.00
# Visual Studio Version 16
VisualStudioVersion = 16.0.31313.79
MinimumVisualStudioVersion = 10.0.40219.1
Project("{FAE04EC0-301F-11D3-BF4B-00C04F79EFBC}") = "Proje2_Ucak_Kontrol_Rezervasyonu", "Proje2_Ucak_Kontrol_Rezervasyonu\Proje2_Ucak_Kontrol_Rezervasyonu.csproj", "{DB89134C-AAEF-4093-AB22-08606C318E1E}"
EndProject
Global
	GlobalSection(SolutionConfigurationPlatforms) = preSolution
		Debug|Any CPU = Debug|Any CPU
		Release|Any CPU = Release|Any CPU
	EndGlobalSection
	GlobalSection(ProjectConfigurationPlatforms) = postSolution
		{DB89134C-AAEF-4093-AB22-08606C318E1E}.Debug|Any CPU.ActiveCfg = Debug|Any CPU
		{DB89134C-AAEF-4093-AB22-08606C318E1E}.Debug|Any CPU.Build.0 = Debug|Any CPU
		{DB89134C-AAEF-4093-AB22-08606C318E1E}.Release|Any CPU.ActiveCfg = Release|Any CPU
		{DB89134C-AAEF-4093-AB22-08606C318E1E}.Release|Any CPU.Build.0 = Release|Any CPU
	EndGlobalSection
	GlobalSection(SolutionProperties) = preSolution
		HideSolutionNode = FALSE
	EndGlobalSection
	GlobalSection(ExtensibilityGlobals) = postSolution
		SolutionGuid = {EBD18A4D-3705-4B49-9773-03DC1AB19584}
	EndGlobalSection
EndGlobal
